schema: '2.0'
stages:
  load_data:
    cmd: python src/load_data.py --config=params.yaml
    deps:
    - path: data_given/winequality.csv
      md5: ccc8d3507eb151f53f760d36abdef888
      size: 91998
    - path: src/get_data.py
      md5: a47777ee5321019c3bf648ad46a65d18
      size: 592
    - path: src/load_data.py
      md5: 6e56fe3bb6fd433f14473149f8694596
      size: 582
    outs:
    - path: data/raw/winequality.csv
      md5: d98e8f2eca228c11c4de1cc96866a54d
      size: 93598
  split_data:
    cmd: python src/split_data.py --config=params.yaml
    deps:
    - path: data_given/winequality.csv
      md5: ccc8d3507eb151f53f760d36abdef888
      size: 91998
    - path: src/split_data.py
      md5: da62ed2450ef0a37aad2af9319792093
      size: 998
    outs:
    - path: data/processed/test_winequality.csv
      md5: 01718da3bd6e206060ed00667ca1a389
      size: 18831
    - path: data/processed/train_winequality.csv
      md5: 4bccf4d668cdc60115de42ba74d416ab
      size: 74913
  train_and_evaluate:
    cmd: python src/train_and_evaluate.py --config=params.yaml
    deps:
    - path: data/processed/test_winequality.csv
      md5: 01718da3bd6e206060ed00667ca1a389
      size: 18831
    - path: data/processed/train_winequality.csv
      md5: 4bccf4d668cdc60115de42ba74d416ab
      size: 74913
    - path: src/train_and_evaluate.py
      md5: 94c024ae9405a32cf8cd98e763e1d703
      size: 2601
    params:
      params.yaml:
        estimators.ElasticNet.params.alpha: 0.7
        estimators.ElasticNet.params.l1_ratio: 0.35
    outs:
    - path: report/params.json
      md5: 0cc8a4af1490d2c9f042b9af44d37fc7
      size: 32
    - path: report/scores.json
      md5: 644e98cf0b49dc8413c0e70f4f026c2c
      size: 87
    - path: saved_models/model.joblib
      md5: 967a427b6b589e2b5daadd01a4969747
      size: 1215
